Microsoft Visual Studio Solution File, Format Version 12.00
# Visual Studio Version 17
VisualStudioVersion = 17.5.2.0
MinimumVisualStudioVersion = 10.0.40219.1
Project("{FAE04EC0-301F-11D3-BF4B-00C04F79EFBC}") = "UmbracoWebcomponents", "UmbracoWebcomponents\UmbracoWebcomponents.csproj", "{FF741548-E4D2-6354-78E5-6F608952640B}"
EndProject
Global
	GlobalSection(SolutionConfigurationPlatforms) = preSolution
		Debug|Any CPU = Debug|Any CPU
		Release|Any CPU = Release|Any CPU
	EndGlobalSection
	GlobalSection(ProjectConfigurationPlatforms) = postSolution
		{FF741548-E4D2-6354-78E5-6F608952640B}.Debug|Any CPU.ActiveCfg = Debug|Any CPU
		{FF741548-E4D2-6354-78E5-6F608952640B}.Debug|Any CPU.Build.0 = Debug|Any CPU
		{FF741548-E4D2-6354-78E5-6F608952640B}.Release|Any CPU.ActiveCfg = Release|Any CPU
		{FF741548-E4D2-6354-78E5-6F608952640B}.Release|Any CPU.Build.0 = Release|Any CPU
	EndGlobalSection
	GlobalSection(SolutionProperties) = preSolution
		HideSolutionNode = FALSE
	EndGlobalSection
	GlobalSection(ExtensibilityGlobals) = postSolution
		SolutionGuid = {8C3E6791-004C-4E29-91ED-55D5670449BA}
	EndGlobalSection
EndGlobal
